
Microsoft Visual Studio Solution File, Format Version 12.00
# Visual Studio Version 16
VisualStudioVersion = 16.0.30611.23
MinimumVisualStudioVersion = 10.0.40219.1
Project("{FAE04EC0-301F-11D3-BF4B-00C04F79EFBC}") = "mini-max-sum", "mini-max-sum\mini-max-sum.csproj", "{7CBA57E4-EF41-467C-996C-158E2E316053}"
EndProject
Project("{FAE04EC0-301F-11D3-BF4B-00C04F79EFBC}") = "birthday-cake-candles", "birthday-cake-candles\birthday-cake-candles.csproj", "{05FC283E-8815-4B74-93E2-289C47D5CC98}"
EndProject
Project("{FAE04EC0-301F-11D3-BF4B-00C04F79EFBC}") = "time-conversion", "time-conversion\time-conversion.csproj", "{269A580E-8546-46AC-8633-1B62EBC62353}"
EndProject
Global
	GlobalSection(SolutionConfigurationPlatforms) = preSolution
		Debug|Any CPU = Debug|Any CPU
		Release|Any CPU = Release|Any CPU
	EndGlobalSection
	GlobalSection(ProjectConfigurationPlatforms) = postSolution
		{7CBA57E4-EF41-467C-996C-158E2E316053}.Debug|Any CPU.ActiveCfg = Debug|Any CPU
		{7CBA57E4-EF41-467C-996C-158E2E316053}.Debug|Any CPU.Build.0 = Debug|Any CPU
		{7CBA57E4-EF41-467C-996C-158E2E316053}.Release|Any CPU.ActiveCfg = Release|Any CPU
		{7CBA57E4-EF41-467C-996C-158E2E316053}.Release|Any CPU.Build.0 = Release|Any CPU
		{05FC283E-8815-4B74-93E2-289C47D5CC98}.Debug|Any CPU.ActiveCfg = Debug|Any CPU
		{05FC283E-8815-4B74-93E2-289C47D5CC98}.Debug|Any CPU.Build.0 = Debug|Any CPU
		{05FC283E-8815-4B74-93E2-289C47D5CC98}.Release|Any CPU.ActiveCfg = Release|Any CPU
		{05FC283E-8815-4B74-93E2-289C47D5CC98}.Release|Any CPU.Build.0 = Release|Any CPU
		{269A580E-8546-46AC-8633-1B62EBC62353}.Debug|Any CPU.ActiveCfg = Debug|Any CPU
		{269A580E-8546-46AC-8633-1B62EBC62353}.Debug|Any CPU.Build.0 = Debug|Any CPU
		{269A580E-8546-46AC-8633-1B62EBC62353}.Release|Any CPU.ActiveCfg = Release|Any CPU
		{269A580E-8546-46AC-8633-1B62EBC62353}.Release|Any CPU.Build.0 = Release|Any CPU
	EndGlobalSection
	GlobalSection(SolutionProperties) = preSolution
		HideSolutionNode = FALSE
	EndGlobalSection
	GlobalSection(ExtensibilityGlobals) = postSolution
		SolutionGuid = {1B4860C3-CF7E-49E0-A15E-7484C2335BA3}
	EndGlobalSection
EndGlobal
